
Microsoft Visual Studio Solution File, Format Version 12.00
# Visual Studio Version 17
VisualStudioVersion = 17.9.34902.65
MinimumVisualStudioVersion = 10.0.40219.1
Project("{FAE04EC0-301F-11D3-BF4B-00C04F79EFBC}") = "WebAppEcommerce_Net8", "WebAppEcommerce_Net8.csproj", "{2611D75B-8528-4C54-B756-2F3C1687943D}"
EndProject
Global
	GlobalSection(SolutionConfigurationPlatforms) = preSolution
		Debug|Any CPU = Debug|Any CPU
		Release|Any CPU = Release|Any CPU
	EndGlobalSection
	GlobalSection(ProjectConfigurationPlatforms) = postSolution
		{2611D75B-8528-4C54-B756-2F3C1687943D}.Debug|Any CPU.ActiveCfg = Debug|Any CPU
		{2611D75B-8528-4C54-B756-2F3C1687943D}.Debug|Any CPU.Build.0 = Debug|Any CPU
		{2611D75B-8528-4C54-B756-2F3C1687943D}.Release|Any CPU.ActiveCfg = Release|Any CPU
		{2611D75B-8528-4C54-B756-2F3C1687943D}.Release|Any CPU.Build.0 = Release|Any CPU
	EndGlobalSection
	GlobalSection(SolutionProperties) = preSolution
		HideSolutionNode = FALSE
	EndGlobalSection
	GlobalSection(ExtensibilityGlobals) = postSolution
		SolutionGuid = {43B794B1-6F8B-40AA-A2A0-C04D32DDF82B}
	EndGlobalSection
EndGlobal
